
Microsoft Visual Studio Solution File, Format Version 12.00
# Visual Studio 15
Project("{FAE04EC0-301F-11D3-BF4B-00C04F79EFBC}") = "Assembly-CSharp", "Assembly-CSharp.csproj", "{EFEA63C0-158E-82A4-FA80-18B192771854}"
EndProject
Global
	GlobalSection(SolutionConfigurationPlatforms) = preSolution
		Debug|Any CPU = Debug|Any CPU
		Release|Any CPU = Release|Any CPU
	EndGlobalSection
	GlobalSection(ProjectConfigurationPlatforms) = postSolution
		{EFEA63C0-158E-82A4-FA80-18B192771854}.Debug|Any CPU.ActiveCfg = Debug|Any CPU
		{EFEA63C0-158E-82A4-FA80-18B192771854}.Debug|Any CPU.Build.0 = Debug|Any CPU
		{EFEA63C0-158E-82A4-FA80-18B192771854}.Release|Any CPU.ActiveCfg = Release|Any CPU
		{EFEA63C0-158E-82A4-FA80-18B192771854}.Release|Any CPU.Build.0 = Release|Any CPU
	EndGlobalSection
	GlobalSection(SolutionProperties) = preSolution
		HideSolutionNode = FALSE
	EndGlobalSection
EndGlobal
